
Microsoft Visual Studio Solution File, Format Version 12.00
# Visual Studio Version 17
VisualStudioVersion = 17.0.31903.59
MinimumVisualStudioVersion = 10.0.40219.1
Project("{FAE04EC0-301F-11D3-BF4B-00C04F79EFBC}") = "PlainTextEditor", "src\PlainTextEditor\PlainTextEditor.csproj", "{75E8F7B5-6F2D-4006-B563-3B5987FC6B87}"
EndProject
Project("{FAE04EC0-301F-11D3-BF4B-00C04F79EFBC}") = "PlainTextEditor.Tests", "tests\PlainTextEditor.Tests\PlainTextEditor.Tests.csproj", "{8C9ECD2C-B36C-4E93-AEC9-C2C7080CD026}"
EndProject
Global
	GlobalSection(SolutionConfigurationPlatforms) = preSolution
		Debug|Any CPU = Debug|Any CPU
		Release|Any CPU = Release|Any CPU
	EndGlobalSection
	GlobalSection(ProjectConfigurationPlatforms) = postSolution
		{75E8F7B5-6F2D-4006-B563-3B5987FC6B87}.Debug|Any CPU.ActiveCfg = Debug|Any CPU
		{75E8F7B5-6F2D-4006-B563-3B5987FC6B87}.Debug|Any CPU.Build.0 = Debug|Any CPU
		{75E8F7B5-6F2D-4006-B563-3B5987FC6B87}.Release|Any CPU.ActiveCfg = Release|Any CPU
		{75E8F7B5-6F2D-4006-B563-3B5987FC6B87}.Release|Any CPU.Build.0 = Release|Any CPU
		{8C9ECD2C-B36C-4E93-AEC9-C2C7080CD026}.Debug|Any CPU.ActiveCfg = Debug|Any CPU
		{8C9ECD2C-B36C-4E93-AEC9-C2C7080CD026}.Debug|Any CPU.Build.0 = Debug|Any CPU
		{8C9ECD2C-B36C-4E93-AEC9-C2C7080CD026}.Release|Any CPU.ActiveCfg = Release|Any CPU
		{8C9ECD2C-B36C-4E93-AEC9-C2C7080CD026}.Release|Any CPU.Build.0 = Release|Any CPU
	EndGlobalSection
EndGlobal
